using System;
using System.Collections.Generic;
using System.Linq;
using System.Text;
using System.Threading.Tasks;

namespace HelloWorld
{

    //A Simple Program to display the words Hello World

    class Program
    {
        static void Main(string[] args)
        {
          //introdution to program

            Console.WriteLine("Welcome to Mind Reader. Please think of a number between 1-100.");

          //This section is to gather the variables needed.

            Console.WriteLine("Now how many digits is your number? e.g. 25 has 2 digits. 100 has 3 digits.");
                string digits = Console.ReadLine();

            Console.WriteLine("What is the sum of the digits? e.g. if 25 was your number you would add 2 and 5. 2 + 5 = 7. your answer would be  7.");
                string sum = Console.ReadLine();

            Console.WriteLine("What is the difference of the digits ? e.g. if 25 was your number you would subtract 2 and 5. 2 - 5 = -3. your answer would be  -3.");
                string diff = Console.ReadLine();

            //Using the variables we have to determine the number

            switch (digits)
            {
                case "1":
                    Console.WriteLine($"The number you are thinking of is {digits}.");
                    break;
                case "2":
                   double newSum = Convert.ToDouble(sum);
                   double newDiff = Convert.ToDouble(diff);
                   double secondDigit = ((newSum - newDiff) / 2);
                   double firstDigit = newDiff + secondDigit;
                   string newFirstDigit = Convert.ToString(firstDigit);
                   string newSecondDigit = Convert.ToString(secondDigit);

                    //print results

                    Console.WriteLine($"The number you are thinking of is {newFirstDigit}{newSecondDigit}");
                    break;
                case "3":
                    Console.WriteLine("The number you are thinking of is 100.");
                    break;
                default:
                    Console.WriteLine("Something went wrong please try again.");
                    break;
            }

            Console.WriteLine("Was I right?");
                    Console.ReadLine();
                  

                        
                }
    }
}
